// !$*UTF8*$!
{
	archiveVersion = 1;
	classes = {
	};
	objectVersion = 77;
	objects = {

/* Begin PBXContainerItemProxy section */
		E5F6AE9E2DF6D08D00184E97 /* PBXContainerItemProxy */ = {
			isa = PBXContainerItemProxy;
			containerPortal = E5F6AE882DF6D08B00184E97 /* Project object */;
			proxyType = 1;
			remoteGlobalIDString = E5F6AE8F2DF6D08B00184E97;
			remoteInfo = Bookings.com;
		};
		E5F6AEA82DF6D08D00184E97 /* PBXContainerItemProxy */ = {
			isa = PBXContainerItemProxy;
			containerPortal = E5F6AE882DF6D08B00184E97 /* Project object */;
			proxyType = 1;
			remoteGlobalIDString = E5F6AE8F2DF6D08B00184E97;
			remoteInfo = Bookings.com;
		};
/* End PBXContainerItemProxy section */

/* Begin PBXFileReference section */
		E5F6AE902DF6D08B00184E97 /* Bookings.com.app */ = {isa = PBXFileReference; explicitFileType = wrapper.application; includeInIndex = 0; path = Bookings.com.app; sourceTree = BUILT_PRODUCTS_DIR; };
		E5F6AE9D2DF6D08D00184E97 /* Bookings.comTests.xctest */ = {isa = PBXFileReference; explicitFileType = wrapper.cfbundle; includeInIndex = 0; path = Bookings.comTests.xctest; sourceTree = BUILT_PRODUCTS_DIR; };
		E5F6AEA72DF6D08D00184E97 /* Bookings.comUITests.xctest */ = {isa = PBXFileReference; explicitFileType = wrapper.cfbundle; includeInIndex = 0; path = Bookings.comUITests.xctest; sourceTree = BUILT_PRODUCTS_DIR; };
/* End PBXFileReference section */

/* Begin PBXFileSystemSynchronizedRootGroup section */
		E5F6AE922DF6D08B00184E97 /* Bookings.com */ = {
			isa = PBXFileSystemSynchronizedRootGroup;
			path = Bookings.com;
			sourceTree = "<group>";
		};
		E5F6AEA02DF6D08D00184E97 /* Bookings.comTests */ = {
			isa = PBXFileSystemSynchronizedRootGroup;
			path = Bookings.comTests;
			sourceTree = "<group>";
		};
		E5F6AEAA2DF6D08D00184E97 /* Bookings.comUITests */ = {
			isa = PBXFileSystemSynchronizedRootGroup;
			path = Bookings.comUITests;
			sourceTree = "<group>";
		};
/* End PBXFileSystemSynchronizedRootGroup section */

/* Begin PBXFrameworksBuildPhase section */
		E5F6AE8D2DF6D08B00184E97 /* Frameworks */ = {
			isa = PBXFrameworksBuildPhase;
			buildActionMask = 2147483647;
			files = (
			);
			runOnlyForDeploymentPostprocessing = 0;
		};
		E5F6AE9A2DF6D08D00184E97 /* Frameworks */ = {
			isa = PBXFrameworksBuildPhase;
			buildActionMask = 2147483647;
			files = (
			);
			runOnlyForDeploymentPostprocessing = 0;
		};
		E5F6AEA42DF6D08D00184E97 /* Frameworks */ = {
			isa = PBXFrameworksBuildPhase;
			buildActionMask = 2147483647;
			files = (
			);
			runOnlyForDeploymentPostprocessing = 0;
		};
/* End PBXFrameworksBuildPhase section */

/* Begin PBXGroup section */
		E5F6AE872DF6D08B00184E97 = {
			isa = PBXGroup;
			children = (
				E5F6AE922DF6D08B00184E97 /* Bookings.com */,
				E5F6AEA02DF6D08D00184E97 /* Bookings.comTests */,
				E5F6AEAA2DF6D08D00184E97 /* Bookings.comUITests */,
				E5F6AE912DF6D08B00184E97 /* Products */,
			);
			sourceTree = "<group>";
		};
		E5F6AE912DF6D08B00184E97 /* Products */ = {
			isa = PBXGroup;
			children = (
				E5F6AE902DF6D08B00184E97 /* Bookings.com.app */,
				E5F6AE9D2DF6D08D00184E97 /* Bookings.comTests.xctest */,
				E5F6AEA72DF6D08D00184E97 /* Bookings.comUITests.xctest */,
			);
			name = Products;
			sourceTree = "<group>";
		};
/* End PBXGroup section */

/* Begin PBXNativeTarget section */
		E5F6AE8F2DF6D08B00184E97 /* Bookings.com */ = {
			isa = PBXNativeTarget;
			buildConfigurationList = E5F6AEB12DF6D08D00184E97 /* Build configuration list for PBXNativeTarget "Bookings.com" */;
			buildPhases = (
				E5F6AE8C2DF6D08B00184E97 /* Sources */,
				E5F6AE8D2DF6D08B00184E97 /* Frameworks */,
				E5F6AE8E2DF6D08B00184E97 /* Resources */,
			);
			buildRules = (
			);
			dependencies = (
			);
			fileSystemSynchronizedGroups = (
				E5F6AE922DF6D08B00184E97 /* Bookings.com */,
			);
			name = Bookings.com;
			packageProductDependencies = (
			);
			productName = Bookings.com;
			productReference = E5F6AE902DF6D08B00184E97 /* Bookings.com.app */;
			productType = "com.apple.product-type.application";
		};
		E5F6AE9C2DF6D08D00184E97 /* Bookings.comTests */ = {
			isa = PBXNativeTarget;
			buildConfigurationList = E5F6AEB42DF6D08D00184E97 /* Build configuration list for PBXNativeTarget "Bookings.comTests" */;
			buildPhases = (
				E5F6AE992DF6D08D00184E97 /* Sources */,
				E5F6AE9A2DF6D08D00184E97 /* Frameworks */,
				E5F6AE9B2DF6D08D00184E97 /* Resources */,
			);
			buildRules = (
			);
			dependencies = (
				E5F6AE9F2DF6D08D00184E97 /* PBXTargetDependency */,
			);
			fileSystemSynchronizedGroups = (
				E5F6AEA02DF6D08D00184E97 /* Bookings.comTests */,
			);
			name = Bookings.comTests;
			packageProductDependencies = (
			);
			productName = Bookings.comTests;
			productReference = E5F6AE9D2DF6D08D00184E97 /* Bookings.comTests.xctest */;
			productType = "com.apple.product-type.bundle.unit-test";
		};
		E5F6AEA62DF6D08D00184E97 /* Bookings.comUITests */ = {
			isa = PBXNativeTarget;
			buildConfigurationList = E5F6AEB72DF6D08D00184E97 /* Build configuration list for PBXNativeTarget "Bookings.comUITests" */;
			buildPhases = (
				E5F6AEA32DF6D08D00184E97 /* Sources */,
				E5F6AEA42DF6D08D00184E97 /* Frameworks */,
				E5F6AEA52DF6D08D00184E97 /* Resources */,
			);
			buildRules = (
			);
			dependencies = (
				E5F6AEA92DF6D08D00184E97 /* PBXTargetDependency */,
			);
			fileSystemSynchronizedGroups = (
				E5F6AEAA2DF6D08D00184E97 /* Bookings.comUITests */,
			);
			name = Bookings.comUITests;
			packageProductDependencies = (
			);
			productName = Bookings.comUITests;
			productReference = E5F6AEA72DF6D08D00184E97 /* Bookings.comUITests.xctest */;
			productType = "com.apple.product-type.bundle.ui-testing";
		};
/* End PBXNativeTarget section */

/* Begin PBXProject section */
		E5F6AE882DF6D08B00184E97 /* Project object */ = {
			isa = PBXProject;
			attributes = {
				BuildIndependentTargetsInParallel = 1;
				LastSwiftUpdateCheck = 1640;
				LastUpgradeCheck = 1640;
				TargetAttributes = {
					E5F6AE8F2DF6D08B00184E97 = {
						CreatedOnToolsVersion = 16.4;
					};
					E5F6AE9C2DF6D08D00184E97 = {
						CreatedOnToolsVersion = 16.4;
						TestTargetID = E5F6AE8F2DF6D08B00184E97;
					};
					E5F6AEA62DF6D08D00184E97 = {
						CreatedOnToolsVersion = 16.4;
						TestTargetID = E5F6AE8F2DF6D08B00184E97;
					};
				};
			};
			buildConfigurationList = E5F6AE8B2DF6D08B00184E97 /* Build configuration list for PBXProject "Bookings.com" */;
			developmentRegion = en;
			hasScannedForEncodings = 0;
			knownRegions = (
				en,
				Base,
			);
			mainGroup = E5F6AE872DF6D08B00184E97;
			minimizedProjectReferenceProxies = 1;
			preferredProjectObjectVersion = 77;
			productRefGroup = E5F6AE912DF6D08B00184E97 /* Products */;
			projectDirPath = "";
			projectRoot = "";
			targets = (
				E5F6AE8F2DF6D08B00184E97 /* Bookings.com */,
				E5F6AE9C2DF6D08D00184E97 /* Bookings.comTests */,
				E5F6AEA62DF6D08D00184E97 /* Bookings.comUITests */,
			);
		};
/* End PBXProject section */

/* Begin PBXResourcesBuildPhase section */
		E5F6AE8E2DF6D08B00184E97 /* Resources */ = {
			isa = PBXResourcesBuildPhase;
			buildActionMask = 2147483647;
			files = (
			);
			runOnlyForDeploymentPostprocessing = 0;
		};
		E5F6AE9B2DF6D08D00184E97 /* Resources */ = {
			isa = PBXResourcesBuildPhase;
			buildActionMask = 2147483647;
			files = (
			);
			runOnlyForDeploymentPostprocessing = 0;
		};
		E5F6AEA52DF6D08D00184E97 /* Resources */ = {
			isa = PBXResourcesBuildPhase;
			buildActionMask = 2147483647;
			files = (
			);
			runOnlyForDeploymentPostprocessing = 0;
		};
/* End PBXResourcesBuildPhase section */

/* Begin PBXSourcesBuildPhase section */
		E5F6AE8C2DF6D08B00184E97 /* Sources */ = {
			isa = PBXSourcesBuildPhase;
			buildActionMask = 2147483647;
			files = (
			);
			runOnlyForDeploymentPostprocessing = 0;
		};
		E5F6AE992DF6D08D00184E97 /* Sources */ = {
			isa = PBXSourcesBuildPhase;
			buildActionMask = 2147483647;
			files = (
			);
			runOnlyForDeploymentPostprocessing = 0;
		};
		E5F6AEA32DF6D08D00184E97 /* Sources */ = {
			isa = PBXSourcesBuildPhase;
			buildActionMask = 2147483647;
			files = (
			);
			runOnlyForDeploymentPostprocessing = 0;
		};
/* End PBXSourcesBuildPhase section */

/* Begin PBXTargetDependency section */
		E5F6AE9F2DF6D08D00184E97 /* PBXTargetDependency */ = {
			isa = PBXTargetDependency;
			target = E5F6AE8F2DF6D08B00184E97 /* Bookings.com */;
			targetProxy = E5F6AE9E2DF6D08D00184E97 /* PBXContainerItemProxy */;
		};
		E5F6AEA92DF6D08D00184E97 /* PBXTargetDependency */ = {
			isa = PBXTargetDependency;
			target = E5F6AE8F2DF6D08B00184E97 /* Bookings.com */;
			targetProxy = E5F6AEA82DF6D08D00184E97 /* PBXContainerItemProxy */;
		};
/* End PBXTargetDependency section */

/* Begin XCBuildConfiguration section */
		E5F6AEAF2DF6D08D00184E97 /* Debug */ = {
			isa = XCBuildConfiguration;
			buildSettings = {
				ALWAYS_SEARCH_USER_PATHS = NO;
				ASSETCATALOG_COMPILER_GENERATE_SWIFT_ASSET_SYMBOL_EXTENSIONS = YES;
				CLANG_ANALYZER_NONNULL = YES;
				CLANG_ANALYZER_NUMBER_OBJECT_CONVERSION = YES_AGGRESSIVE;
				CLANG_CXX_LANGUAGE_STANDARD = "gnu++20";
				CLANG_ENABLE_MODULES = YES;
				CLANG_ENABLE_OBJC_ARC = YES;
				CLANG_ENABLE_OBJC_WEAK = YES;
				CLANG_WARN_BLOCK_CAPTURE_AUTORELEASING = YES;
				CLANG_WARN_BOOL_CONVERSION = YES;
				CLANG_WARN_COMMA = YES;
				CLANG_WARN_CONSTANT_CONVERSION = YES;
				CLANG_WARN_DEPRECATED_OBJC_IMPLEMENTATIONS = YES;
				CLANG_WARN_DIRECT_OBJC_ISA_USAGE = YES_ERROR;
				CLANG_WARN_DOCUMENTATION_COMMENTS = YES;
				CLANG_WARN_EMPTY_BODY = YES;
				CLANG_WARN_ENUM_CONVERSION = YES;
				CLANG_WARN_INFINITE_RECURSION = YES;
				CLANG_WARN_INT_CONVERSION = YES;
				CLANG_WARN_NON_LITERAL_NULL_CONVERSION = YES;
				CLANG_WARN_OBJC_IMPLICIT_RETAIN_SELF = YES;
				CLANG_WARN_OBJC_LITERAL_CONVERSION = YES;
				CLANG_WARN_OBJC_ROOT_CLASS = YES_ERROR;
				CLANG_WARN_QUOTED_INCLUDE_IN_FRAMEWORK_HEADER = YES;
				CLANG_WARN_RANGE_LOOP_ANALYSIS = YES;
				CLANG_WARN_STRICT_PROTOTYPES = YES;
				CLANG_WARN_SUSPICIOUS_MOVE = YES;
				CLANG_WARN_UNGUARDED_AVAILABILITY = YES_AGGRESSIVE;
				CLANG_WARN_UNREACHABLE_CODE = YES;
				CLANG_WARN__DUPLICATE_METHOD_MATCH = YES;
				COPY_PHASE_STRIP = NO;
				DEBUG_INFORMATION_FORMAT = dwarf;
				DEVELOPMENT_TEAM = 82UL2SHY45;
				ENABLE_STRICT_OBJC_MSGSEND = YES;
				ENABLE_TESTABILITY = YES;
				ENABLE_USER_SCRIPT_SANDBOXING = YES;
				GCC_C_LANGUAGE_STANDARD = gnu17;
				GCC_DYNAMIC_NO_PIC = NO;
				GCC_NO_COMMON_BLOCKS = YES;
				GCC_OPTIMIZATION_LEVEL = 0;
				GCC_PREPROCESSOR_DEFINITIONS = (
					"DEBUG=1",
					"$(inherited)",
				);
				GCC_WARN_64_TO_32_BIT_CONVERSION = YES;
				GCC_WARN_ABOUT_RETURN_TYPE = YES_ERROR;
				GCC_WARN_UNDECLARED_SELECTOR = YES;
				GCC_WARN_UNINITIALIZED_AUTOS = YES_AGGRESSIVE;
				GCC_WARN_UNUSED_FUNCTION = YES;
				GCC_WARN_UNUSED_VARIABLE = YES;
				IPHONEOS_DEPLOYMENT_TARGET = 18.5;
				LOCALIZATION_PREFERS_STRING_CATALOGS = YES;
				MTL_ENABLE_DEBUG_INFO = INCLUDE_SOURCE;
				MTL_FAST_MATH = YES;
				ONLY_ACTIVE_ARCH = YES;
				SDKROOT = iphoneos;
				SWIFT_ACTIVE_COMPILATION_CONDITIONS = "DEBUG $(inherited)";
				SWIFT_OPTIMIZATION_LEVEL = "-Onone";
			};
			name = Debug;
		};
		E5F6AEB02DF6D08D00184E97 /* Release */ = {
			isa = XCBuildConfiguration;
			buildSettings = {
				ALWAYS_SEARCH_USER_PATHS = NO;
				ASSETCATALOG_COMPILER_GENERATE_SWIFT_ASSET_SYMBOL_EXTENSIONS = YES;
				CLANG_ANALYZER_NONNULL = YES;
				CLANG_ANALYZER_NUMBER_OBJECT_CONVERSION = YES_AGGRESSIVE;
				CLANG_CXX_LANGUAGE_STANDARD = "gnu++20";
				CLANG_ENABLE_MODULES = YES;
				CLANG_ENABLE_OBJC_ARC = YES;
				CLANG_ENABLE_OBJC_WEAK = YES;
				CLANG_WARN_BLOCK_CAPTURE_AUTORELEASING = YES;
				CLANG_WARN_BOOL_CONVERSION = YES;
				CLANG_WARN_COMMA = YES;
				CLANG_WARN_CONSTANT_CONVERSION = YES;
				CLANG_WARN_DEPRECATED_OBJC_IMPLEMENTATIONS = YES;
				CLANG_WARN_DIRECT_OBJC_ISA_USAGE = YES_ERROR;
				CLANG_WARN_DOCUMENTATION_COMMENTS = YES;
				CLANG_WARN_EMPTY_BODY = YES;
				CLANG_WARN_ENUM_CONVERSION = YES;
				CLANG_WARN_INFINITE_RECURSION = YES;
				CLANG_WARN_INT_CONVERSION = YES;
				CLANG_WARN_NON_LITERAL_NULL_CONVERSION = YES;
				CLANG_WARN_OBJC_IMPLICIT_RETAIN_SELF = YES;
				CLANG_WARN_OBJC_LITERAL_CONVERSION = YES;
				CLANG_WARN_OBJC_ROOT_CLASS = YES_ERROR;
				CLANG_WARN_QUOTED_INCLUDE_IN_FRAMEWORK_HEADER = YES;
				CLANG_WARN_RANGE_LOOP_ANALYSIS = YES;
				CLANG_WARN_STRICT_PROTOTYPES = YES;
				CLANG_WARN_SUSPICIOUS_MOVE = YES;
				CLANG_WARN_UNGUARDED_AVAILABILITY = YES_AGGRESSIVE;
				CLANG_WARN_UNREACHABLE_CODE = YES;
				CLANG_WARN__DUPLICATE_METHOD_MATCH = YES;
				COPY_PHASE_STRIP = NO;
				DEBUG_INFORMATION_FORMAT = "dwarf-with-dsym";
				DEVELOPMENT_TEAM = 82UL2SHY45;
				ENABLE_NS_ASSERTIONS = NO;
				ENABLE_STRICT_OBJC_MSGSEND = YES;
				ENABLE_USER_SCRIPT_SANDBOXING = YES;
				GCC_C_LANGUAGE_STANDARD = gnu17;
				GCC_NO_COMMON_BLOCKS = YES;
				GCC_WARN_64_TO_32_BIT_CONVERSION = YES;
				GCC_WARN_ABOUT_RETURN_TYPE = YES_ERROR;
				GCC_WARN_UNDECLARED_SELECTOR = YES;
				GCC_WARN_UNINITIALIZED_AUTOS = YES_AGGRESSIVE;
				GCC_WARN_UNUSED_FUNCTION = YES;
				GCC_WARN_UNUSED_VARIABLE = YES;
				IPHONEOS_DEPLOYMENT_TARGET = 18.5;
				LOCALIZATION_PREFERS_STRING_CATALOGS = YES;
				MTL_ENABLE_DEBUG_INFO = NO;
				MTL_FAST_MATH = YES;
				SDKROOT = iphoneos;
				SWIFT_COMPILATION_MODE = wholemodule;
				VALIDATE_PRODUCT = YES;
			};
			name = Release;
		};
		E5F6AEB22DF6D08D00184E97 /* Debug */ = {
			isa = XCBuildConfiguration;
			buildSettings = {
				ASSETCATALOG_COMPILER_APPICON_NAME = AppIcon;
				ASSETCATALOG_COMPILER_GLOBAL_ACCENT_COLOR_NAME = AccentColor;
				CODE_SIGN_STYLE = Automatic;
				CURRENT_PROJECT_VERSION = 1;
				DEVELOPMENT_TEAM = 82UL2SHY45;
				ENABLE_PREVIEWS = YES;
				GENERATE_INFOPLIST_FILE = YES;
				INFOPLIST_KEY_UIApplicationSceneManifest_Generation = YES;
				INFOPLIST_KEY_UIApplicationSupportsIndirectInputEvents = YES;
				INFOPLIST_KEY_UILaunchScreen_Generation = YES;
				INFOPLIST_KEY_UISupportedInterfaceOrientations_iPad = "UIInterfaceOrientationPortrait UIInterfaceOrientationPortraitUpsideDown UIInterfaceOrientationLandscapeLeft UIInterfaceOrientationLandscapeRight";
				INFOPLIST_KEY_UISupportedInterfaceOrientations_iPhone = "UIInterfaceOrientationPortrait UIInterfaceOrientationLandscapeLeft UIInterfaceOrientationLandscapeRight";
				LD_RUNPATH_SEARCH_PATHS = (
					"$(inherited)",
					"@executable_path/Frameworks",
				);
				MARKETING_VERSION = 1.0;
				PRODUCT_BUNDLE_IDENTIFIER = "com.hackRankTest.Bookings-com";
				PRODUCT_NAME = "$(TARGET_NAME)";
				SWIFT_EMIT_LOC_STRINGS = YES;
				SWIFT_VERSION = 5.0;
				TARGETED_DEVICE_FAMILY = "1,2";
			};
			name = Debug;
		};
		E5F6AEB32DF6D08D00184E97 /* Release */ = {
			isa = XCBuildConfiguration;
			buildSettings = {
				ASSETCATALOG_COMPILER_APPICON_NAME = AppIcon;
				ASSETCATALOG_COMPILER_GLOBAL_ACCENT_COLOR_NAME = AccentColor;
				CODE_SIGN_STYLE = Automatic;
				CURRENT_PROJECT_VERSION = 1;
				DEVELOPMENT_TEAM = 82UL2SHY45;
				ENABLE_PREVIEWS = YES;
				GENERATE_INFOPLIST_FILE = YES;
				INFOPLIST_KEY_UIApplicationSceneManifest_Generation = YES;
				INFOPLIST_KEY_UIApplicationSupportsIndirectInputEvents = YES;
				INFOPLIST_KEY_UILaunchScreen_Generation = YES;
				INFOPLIST_KEY_UISupportedInterfaceOrientations_iPad = "UIInterfaceOrientationPortrait UIInterfaceOrientationPortraitUpsideDown UIInterfaceOrientationLandscapeLeft UIInterfaceOrientationLandscapeRight";
				INFOPLIST_KEY_UISupportedInterfaceOrientations_iPhone = "UIInterfaceOrientationPortrait UIInterfaceOrientationLandscapeLeft UIInterfaceOrientationLandscapeRight";
				LD_RUNPATH_SEARCH_PATHS = (
					"$(inherited)",
					"@executable_path/Frameworks",
				);
				MARKETING_VERSION = 1.0;
				PRODUCT_BUNDLE_IDENTIFIER = "com.hackRankTest.Bookings-com";
				PRODUCT_NAME = "$(TARGET_NAME)";
				SWIFT_EMIT_LOC_STRINGS = YES;
				SWIFT_VERSION = 5.0;
				TARGETED_DEVICE_FAMILY = "1,2";
			};
			name = Release;
		};
		E5F6AEB52DF6D08D00184E97 /* Debug */ = {
			isa = XCBuildConfiguration;
			buildSettings = {
				BUNDLE_LOADER = "$(TEST_HOST)";
				CODE_SIGN_STYLE = Automatic;
				CURRENT_PROJECT_VERSION = 1;
				DEVELOPMENT_TEAM = 82UL2SHY45;
				GENERATE_INFOPLIST_FILE = YES;
				IPHONEOS_DEPLOYMENT_TARGET = 18.5;
				MARKETING_VERSION = 1.0;
				PRODUCT_BUNDLE_IDENTIFIER = "com.hackRankTest.Bookings-comTests";
				PRODUCT_NAME = "$(TARGET_NAME)";
				SWIFT_EMIT_LOC_STRINGS = NO;
				SWIFT_VERSION = 5.0;
				TARGETED_DEVICE_FAMILY = "1,2";
				TEST_HOST = "$(BUILT_PRODUCTS_DIR)/Bookings.com.app/$(BUNDLE_EXECUTABLE_FOLDER_PATH)/Bookings.com";
			};
			name = Debug;
		};
		E5F6AEB62DF6D08D00184E97 /* Release */ = {
			isa = XCBuildConfiguration;
			buildSettings = {
				BUNDLE_LOADER = "$(TEST_HOST)";
				CODE_SIGN_STYLE = Automatic;
				CURRENT_PROJECT_VERSION = 1;
				DEVELOPMENT_TEAM = 82UL2SHY45;
				GENERATE_INFOPLIST_FILE = YES;
				IPHONEOS_DEPLOYMENT_TARGET = 18.5;
				MARKETING_VERSION = 1.0;
				PRODUCT_BUNDLE_IDENTIFIER = "com.hackRankTest.Bookings-comTests";
				PRODUCT_NAME = "$(TARGET_NAME)";
				SWIFT_EMIT_LOC_STRINGS = NO;
				SWIFT_VERSION = 5.0;
				TARGETED_DEVICE_FAMILY = "1,2";
				TEST_HOST = "$(BUILT_PRODUCTS_DIR)/Bookings.com.app/$(BUNDLE_EXECUTABLE_FOLDER_PATH)/Bookings.com";
			};
			name = Release;
		};
		E5F6AEB82DF6D08D00184E97 /* Debug */ = {
			isa = XCBuildConfiguration;
			buildSettings = {
				CODE_SIGN_STYLE = Automatic;
				CURRENT_PROJECT_VERSION = 1;
				DEVELOPMENT_TEAM = 82UL2SHY45;
				GENERATE_INFOPLIST_FILE = YES;
				MARKETING_VERSION = 1.0;
				PRODUCT_BUNDLE_IDENTIFIER = "com.hackRankTest.Bookings-comUITests";
				PRODUCT_NAME = "$(TARGET_NAME)";
				SWIFT_EMIT_LOC_STRINGS = NO;
				SWIFT_VERSION = 5.0;
				TARGETED_DEVICE_FAMILY = "1,2";
				TEST_TARGET_NAME = Bookings.com;
			};
			name = Debug;
		};
		E5F6AEB92DF6D08D00184E97 /* Release */ = {
			isa = XCBuildConfiguration;
			buildSettings = {
				CODE_SIGN_STYLE = Automatic;
				CURRENT_PROJECT_VERSION = 1;
				DEVELOPMENT_TEAM = 82UL2SHY45;
				GENERATE_INFOPLIST_FILE = YES;
				MARKETING_VERSION = 1.0;
				PRODUCT_BUNDLE_IDENTIFIER = "com.hackRankTest.Bookings-comUITests";
				PRODUCT_NAME = "$(TARGET_NAME)";
				SWIFT_EMIT_LOC_STRINGS = NO;
				SWIFT_VERSION = 5.0;
				TARGETED_DEVICE_FAMILY = "1,2";
				TEST_TARGET_NAME = Bookings.com;
			};
			name = Release;
		};
/* End XCBuildConfiguration section */

/* Begin XCConfigurationList section */
		E5F6AE8B2DF6D08B00184E97 /* Build configuration list for PBXProject "Bookings.com" */ = {
			isa = XCConfigurationList;
			buildConfigurations = (
				E5F6AEAF2DF6D08D00184E97 /* Debug */,
				E5F6AEB02DF6D08D00184E97 /* Release */,
			);
			defaultConfigurationIsVisible = 0;
			defaultConfigurationName = Release;
		};
		E5F6AEB12DF6D08D00184E97 /* Build configuration list for PBXNativeTarget "Bookings.com" */ = {
			isa = XCConfigurationList;
			buildConfigurations = (
				E5F6AEB22DF6D08D00184E97 /* Debug */,
				E5F6AEB32DF6D08D00184E97 /* Release */,
			);
			defaultConfigurationIsVisible = 0;
			defaultConfigurationName = Release;
		};
		E5F6AEB42DF6D08D00184E97 /* Build configuration list for PBXNativeTarget "Bookings.comTests" */ = {
			isa = XCConfigurationList;
			buildConfigurations = (
				E5F6AEB52DF6D08D00184E97 /* Debug */,
				E5F6AEB62DF6D08D00184E97 /* Release */,
			);
			defaultConfigurationIsVisible = 0;
			defaultConfigurationName = Release;
		};
		E5F6AEB72DF6D08D00184E97 /* Build configuration list for PBXNativeTarget "Bookings.comUITests" */ = {
			isa = XCConfigurationList;
			buildConfigurations = (
				E5F6AEB82DF6D08D00184E97 /* Debug */,
				E5F6AEB92DF6D08D00184E97 /* Release */,
			);
			defaultConfigurationIsVisible = 0;
			defaultConfigurationName = Release;
		};
/* End XCConfigurationList section */
	};
	rootObject = E5F6AE882DF6D08B00184E97 /* Project object */;
}
